// !$*UTF8*$!
{
	archiveVersion = 1;
	classes = {
	};
	objectVersion = 50;
	objects = {

/* Begin PBXBuildFile section */
		41130620234DF11600E5E221 /* ListOverLay.framework in Frameworks */ = {isa = PBXBuildFile; fileRef = 41130616234DF11600E5E221 /* ListOverLay.framework */; };
		41130625234DF11600E5E221 /* ListOverLayTests.swift in Sources */ = {isa = PBXBuildFile; fileRef = 41130624234DF11600E5E221 /* ListOverLayTests.swift */; };
		41130627234DF11600E5E221 /* ListOverLay.h in Headers */ = {isa = PBXBuildFile; fileRef = 41130619234DF11600E5E221 /* ListOverLay.h */; settings = {ATTRIBUTES = (Public, ); }; };
		41130637234DF96C00E5E221 /* AppDelegate.swift in Sources */ = {isa = PBXBuildFile; fileRef = 41130636234DF96C00E5E221 /* AppDelegate.swift */; };
		41130639234DF96C00E5E221 /* SceneDelegate.swift in Sources */ = {isa = PBXBuildFile; fileRef = 41130638234DF96C00E5E221 /* SceneDelegate.swift */; };
		4113063B234DF96C00E5E221 /* ViewController.swift in Sources */ = {isa = PBXBuildFile; fileRef = 4113063A234DF96C00E5E221 /* ViewController.swift */; };
		4113063E234DF96C00E5E221 /* Main.storyboard in Resources */ = {isa = PBXBuildFile; fileRef = 4113063C234DF96C00E5E221 /* Main.storyboard */; };
		41130641234DF96C00E5E221 /* ListOverLayView.xcdatamodeld in Sources */ = {isa = PBXBuildFile; fileRef = 4113063F234DF96C00E5E221 /* ListOverLayView.xcdatamodeld */; };
		41130643234DF98000E5E221 /* Assets.xcassets in Resources */ = {isa = PBXBuildFile; fileRef = 41130642234DF98000E5E221 /* Assets.xcassets */; };
		41130646234DF98000E5E221 /* LaunchScreen.storyboard in Resources */ = {isa = PBXBuildFile; fileRef = 41130644234DF98000E5E221 /* LaunchScreen.storyboard */; };
		41130651234DF98100E5E221 /* ListOverLayViewTests.swift in Sources */ = {isa = PBXBuildFile; fileRef = 41130650234DF98100E5E221 /* ListOverLayViewTests.swift */; };
		4113065C234DF98100E5E221 /* ListOverLayViewUITests.swift in Sources */ = {isa = PBXBuildFile; fileRef = 4113065B234DF98100E5E221 /* ListOverLayViewUITests.swift */; };
		4113066D234DFA7900E5E221 /* TrialMap.storyboard in Resources */ = {isa = PBXBuildFile; fileRef = 41130668234DFA7900E5E221 /* TrialMap.storyboard */; };
		4113066E234DFA7900E5E221 /* TrialMapViewController.swift in Sources */ = {isa = PBXBuildFile; fileRef = 41130669234DFA7900E5E221 /* TrialMapViewController.swift */; };
		4113066F234DFA7900E5E221 /* ListOverlayView.swift in Sources */ = {isa = PBXBuildFile; fileRef = 4113066A234DFA7900E5E221 /* ListOverlayView.swift */; };
		41130671234DFA7900E5E221 /* ListOverlayView.xib in Resources */ = {isa = PBXBuildFile; fileRef = 4113066C234DFA7900E5E221 /* ListOverlayView.xib */; };
/* End PBXBuildFile section */

/* Begin PBXContainerItemProxy section */
		41130621234DF11600E5E221 /* PBXContainerItemProxy */ = {
			isa = PBXContainerItemProxy;
			containerPortal = 4113060D234DF11600E5E221 /* Project object */;
			proxyType = 1;
			remoteGlobalIDString = 41130615234DF11600E5E221;
			remoteInfo = ListOverLay;
		};
		4113064D234DF98100E5E221 /* PBXContainerItemProxy */ = {
			isa = PBXContainerItemProxy;
			containerPortal = 4113060D234DF11600E5E221 /* Project object */;
			proxyType = 1;
			remoteGlobalIDString = 41130633234DF96B00E5E221;
			remoteInfo = ListOverLayView;
		};
		41130658234DF98100E5E221 /* PBXContainerItemProxy */ = {
			isa = PBXContainerItemProxy;
			containerPortal = 4113060D234DF11600E5E221 /* Project object */;
			proxyType = 1;
			remoteGlobalIDString = 41130633234DF96B00E5E221;
			remoteInfo = ListOverLayView;
		};
/* End PBXContainerItemProxy section */

/* Begin PBXFileReference section */
		41130616234DF11600E5E221 /* ListOverLay.framework */ = {isa = PBXFileReference; explicitFileType = wrapper.framework; includeInIndex = 0; path = ListOverLay.framework; sourceTree = BUILT_PRODUCTS_DIR; };
		41130619234DF11600E5E221 /* ListOverLay.h */ = {isa = PBXFileReference; lastKnownFileType = sourcecode.c.h; path = ListOverLay.h; sourceTree = "<group>"; };
		4113061A234DF11600E5E221 /* Info.plist */ = {isa = PBXFileReference; lastKnownFileType = text.plist.xml; path = Info.plist; sourceTree = "<group>"; };
		4113061F234DF11600E5E221 /* ListOverLayTests.xctest */ = {isa = PBXFileReference; explicitFileType = wrapper.cfbundle; includeInIndex = 0; path = ListOverLayTests.xctest; sourceTree = BUILT_PRODUCTS_DIR; };
		41130624234DF11600E5E221 /* ListOverLayTests.swift */ = {isa = PBXFileReference; lastKnownFileType = sourcecode.swift; path = ListOverLayTests.swift; sourceTree = "<group>"; };
		41130626234DF11600E5E221 /* Info.plist */ = {isa = PBXFileReference; lastKnownFileType = text.plist.xml; path = Info.plist; sourceTree = "<group>"; };
		41130634234DF96B00E5E221 /* ListOverLayView.app */ = {isa = PBXFileReference; explicitFileType = wrapper.application; includeInIndex = 0; path = ListOverLayView.app; sourceTree = BUILT_PRODUCTS_DIR; };
		41130636234DF96C00E5E221 /* AppDelegate.swift */ = {isa = PBXFileReference; lastKnownFileType = sourcecode.swift; path = AppDelegate.swift; sourceTree = "<group>"; };
		41130638234DF96C00E5E221 /* SceneDelegate.swift */ = {isa = PBXFileReference; lastKnownFileType = sourcecode.swift; path = SceneDelegate.swift; sourceTree = "<group>"; };
		4113063A234DF96C00E5E221 /* ViewController.swift */ = {isa = PBXFileReference; lastKnownFileType = sourcecode.swift; path = ViewController.swift; sourceTree = "<group>"; };
		4113063D234DF96C00E5E221 /* Base */ = {isa = PBXFileReference; lastKnownFileType = file.storyboard; name = Base; path = Base.lproj/Main.storyboard; sourceTree = "<group>"; };
		41130640234DF96C00E5E221 /* ListOverLayView.xcdatamodel */ = {isa = PBXFileReference; lastKnownFileType = wrapper.xcdatamodel; path = ListOverLayView.xcdatamodel; sourceTree = "<group>"; };
		41130642234DF98000E5E221 /* Assets.xcassets */ = {isa = PBXFileReference; lastKnownFileType = folder.assetcatalog; path = Assets.xcassets; sourceTree = "<group>"; };
		41130645234DF98000E5E221 /* Base */ = {isa = PBXFileReference; lastKnownFileType = file.storyboard; name = Base; path = Base.lproj/LaunchScreen.storyboard; sourceTree = "<group>"; };
		41130647234DF98000E5E221 /* Info.plist */ = {isa = PBXFileReference; lastKnownFileType = text.plist.xml; path = Info.plist; sourceTree = "<group>"; };
		4113064C234DF98100E5E221 /* ListOverLayViewTests.xctest */ = {isa = PBXFileReference; explicitFileType = wrapper.cfbundle; includeInIndex = 0; path = ListOverLayViewTests.xctest; sourceTree = BUILT_PRODUCTS_DIR; };
		41130650234DF98100E5E221 /* ListOverLayViewTests.swift */ = {isa = PBXFileReference; lastKnownFileType = sourcecode.swift; path = ListOverLayViewTests.swift; sourceTree = "<group>"; };
		41130652234DF98100E5E221 /* Info.plist */ = {isa = PBXFileReference; lastKnownFileType = text.plist.xml; path = Info.plist; sourceTree = "<group>"; };
		41130657234DF98100E5E221 /* ListOverLayViewUITests.xctest */ = {isa = PBXFileReference; explicitFileType = wrapper.cfbundle; includeInIndex = 0; path = ListOverLayViewUITests.xctest; sourceTree = BUILT_PRODUCTS_DIR; };
		4113065B234DF98100E5E221 /* ListOverLayViewUITests.swift */ = {isa = PBXFileReference; lastKnownFileType = sourcecode.swift; path = ListOverLayViewUITests.swift; sourceTree = "<group>"; };
		4113065D234DF98100E5E221 /* Info.plist */ = {isa = PBXFileReference; lastKnownFileType = text.plist.xml; path = Info.plist; sourceTree = "<group>"; };
		41130668234DFA7900E5E221 /* TrialMap.storyboard */ = {isa = PBXFileReference; fileEncoding = 4; lastKnownFileType = file.storyboard; path = TrialMap.storyboard; sourceTree = "<group>"; };
		41130669234DFA7900E5E221 /* TrialMapViewController.swift */ = {isa = PBXFileReference; fileEncoding = 4; lastKnownFileType = sourcecode.swift; path = TrialMapViewController.swift; sourceTree = "<group>"; };
		4113066A234DFA7900E5E221 /* ListOverlayView.swift */ = {isa = PBXFileReference; fileEncoding = 4; lastKnownFileType = sourcecode.swift; path = ListOverlayView.swift; sourceTree = "<group>"; };
		4113066C234DFA7900E5E221 /* ListOverlayView.xib */ = {isa = PBXFileReference; fileEncoding = 4; lastKnownFileType = file.xib; path = ListOverlayView.xib; sourceTree = "<group>"; };
/* End PBXFileReference section */

/* Begin PBXFrameworksBuildPhase section */
		41130613234DF11600E5E221 /* Frameworks */ = {
			isa = PBXFrameworksBuildPhase;
			buildActionMask = 2147483647;
			files = (
			);
			runOnlyForDeploymentPostprocessing = 0;
		};
		4113061C234DF11600E5E221 /* Frameworks */ = {
			isa = PBXFrameworksBuildPhase;
			buildActionMask = 2147483647;
			files = (
				41130620234DF11600E5E221 /* ListOverLay.framework in Frameworks */,
			);
			runOnlyForDeploymentPostprocessing = 0;
		};
		41130631234DF96B00E5E221 /* Frameworks */ = {
			isa = PBXFrameworksBuildPhase;
			buildActionMask = 2147483647;
			files = (
			);
			runOnlyForDeploymentPostprocessing = 0;
		};
		41130649234DF98100E5E221 /* Frameworks */ = {
			isa = PBXFrameworksBuildPhase;
			buildActionMask = 2147483647;
			files = (
			);
			runOnlyForDeploymentPostprocessing = 0;
		};
		41130654234DF98100E5E221 /* Frameworks */ = {
			isa = PBXFrameworksBuildPhase;
			buildActionMask = 2147483647;
			files = (
			);
			runOnlyForDeploymentPostprocessing = 0;
		};
/* End PBXFrameworksBuildPhase section */

/* Begin PBXGroup section */
		4113060C234DF11500E5E221 = {
			isa = PBXGroup;
			children = (
				41130618234DF11600E5E221 /* ListOverLay */,
				41130623234DF11600E5E221 /* ListOverLayTests */,
				41130635234DF96B00E5E221 /* ListOverLayView */,
				4113064F234DF98100E5E221 /* ListOverLayViewTests */,
				4113065A234DF98100E5E221 /* ListOverLayViewUITests */,
				41130617234DF11600E5E221 /* Products */,
			);
			sourceTree = "<group>";
		};
		41130617234DF11600E5E221 /* Products */ = {
			isa = PBXGroup;
			children = (
				41130616234DF11600E5E221 /* ListOverLay.framework */,
				4113061F234DF11600E5E221 /* ListOverLayTests.xctest */,
				41130634234DF96B00E5E221 /* ListOverLayView.app */,
				4113064C234DF98100E5E221 /* ListOverLayViewTests.xctest */,
				41130657234DF98100E5E221 /* ListOverLayViewUITests.xctest */,
			);
			name = Products;
			sourceTree = "<group>";
		};
		41130618234DF11600E5E221 /* ListOverLay */ = {
			isa = PBXGroup;
			children = (
				41130667234DFA7900E5E221 /* TrialMapView */,
				41130619234DF11600E5E221 /* ListOverLay.h */,
				4113061A234DF11600E5E221 /* Info.plist */,
			);
			path = ListOverLay;
			sourceTree = "<group>";
		};
		41130623234DF11600E5E221 /* ListOverLayTests */ = {
			isa = PBXGroup;
			children = (
				41130624234DF11600E5E221 /* ListOverLayTests.swift */,
				41130626234DF11600E5E221 /* Info.plist */,
			);
			path = ListOverLayTests;
			sourceTree = "<group>";
		};
		41130635234DF96B00E5E221 /* ListOverLayView */ = {
			isa = PBXGroup;
			children = (
				41130636234DF96C00E5E221 /* AppDelegate.swift */,
				41130638234DF96C00E5E221 /* SceneDelegate.swift */,
				4113063A234DF96C00E5E221 /* ViewController.swift */,
				4113063C234DF96C00E5E221 /* Main.storyboard */,
				41130642234DF98000E5E221 /* Assets.xcassets */,
				41130644234DF98000E5E221 /* LaunchScreen.storyboard */,
				41130647234DF98000E5E221 /* Info.plist */,
				4113063F234DF96C00E5E221 /* ListOverLayView.xcdatamodeld */,
			);
			path = ListOverLayView;
			sourceTree = "<group>";
		};
		4113064F234DF98100E5E221 /* ListOverLayViewTests */ = {
			isa = PBXGroup;
			children = (
				41130650234DF98100E5E221 /* ListOverLayViewTests.swift */,
				41130652234DF98100E5E221 /* Info.plist */,
			);
			path = ListOverLayViewTests;
			sourceTree = "<group>";
		};
		4113065A234DF98100E5E221 /* ListOverLayViewUITests */ = {
			isa = PBXGroup;
			children = (
				4113065B234DF98100E5E221 /* ListOverLayViewUITests.swift */,
				4113065D234DF98100E5E221 /* Info.plist */,
			);
			path = ListOverLayViewUITests;
			sourceTree = "<group>";
		};
		41130667234DFA7900E5E221 /* TrialMapView */ = {
			isa = PBXGroup;
			children = (
				41130668234DFA7900E5E221 /* TrialMap.storyboard */,
				41130669234DFA7900E5E221 /* TrialMapViewController.swift */,
				4113066A234DFA7900E5E221 /* ListOverlayView.swift */,
				4113066C234DFA7900E5E221 /* ListOverlayView.xib */,
			);
			path = TrialMapView;
			sourceTree = "<group>";
		};
/* End PBXGroup section */

/* Begin PBXHeadersBuildPhase section */
		41130611234DF11600E5E221 /* Headers */ = {
			isa = PBXHeadersBuildPhase;
			buildActionMask = 2147483647;
			files = (
				41130627234DF11600E5E221 /* ListOverLay.h in Headers */,
			);
			runOnlyForDeploymentPostprocessing = 0;
		};
/* End PBXHeadersBuildPhase section */

/* Begin PBXNativeTarget section */
		41130615234DF11600E5E221 /* ListOverLay */ = {
			isa = PBXNativeTarget;
			buildConfigurationList = 4113062A234DF11600E5E221 /* Build configuration list for PBXNativeTarget "ListOverLay" */;
			buildPhases = (
				41130611234DF11600E5E221 /* Headers */,
				41130612234DF11600E5E221 /* Sources */,
				41130613234DF11600E5E221 /* Frameworks */,
				41130614234DF11600E5E221 /* Resources */,
			);
			buildRules = (
			);
			dependencies = (
			);
			name = ListOverLay;
			productName = ListOverLay;
			productReference = 41130616234DF11600E5E221 /* ListOverLay.framework */;
			productType = "com.apple.product-type.framework";
		};
		4113061E234DF11600E5E221 /* ListOverLayTests */ = {
			isa = PBXNativeTarget;
			buildConfigurationList = 4113062D234DF11600E5E221 /* Build configuration list for PBXNativeTarget "ListOverLayTests" */;
			buildPhases = (
				4113061B234DF11600E5E221 /* Sources */,
				4113061C234DF11600E5E221 /* Frameworks */,
				4113061D234DF11600E5E221 /* Resources */,
			);
			buildRules = (
			);
			dependencies = (
				41130622234DF11600E5E221 /* PBXTargetDependency */,
			);
			name = ListOverLayTests;
			productName = ListOverLayTests;
			productReference = 4113061F234DF11600E5E221 /* ListOverLayTests.xctest */;
			productType = "com.apple.product-type.bundle.unit-test";
		};
		41130633234DF96B00E5E221 /* ListOverLayView */ = {
			isa = PBXNativeTarget;
			buildConfigurationList = 4113065E234DF98100E5E221 /* Build configuration list for PBXNativeTarget "ListOverLayView" */;
			buildPhases = (
				41130630234DF96B00E5E221 /* Sources */,
				41130631234DF96B00E5E221 /* Frameworks */,
				41130632234DF96B00E5E221 /* Resources */,
			);
			buildRules = (
			);
			dependencies = (
			);
			name = ListOverLayView;
			productName = ListOverLayView;
			productReference = 41130634234DF96B00E5E221 /* ListOverLayView.app */;
			productType = "com.apple.product-type.application";
		};
		4113064B234DF98100E5E221 /* ListOverLayViewTests */ = {
			isa = PBXNativeTarget;
			buildConfigurationList = 41130661234DF98100E5E221 /* Build configuration list for PBXNativeTarget "ListOverLayViewTests" */;
			buildPhases = (
				41130648234DF98100E5E221 /* Sources */,
				41130649234DF98100E5E221 /* Frameworks */,
				4113064A234DF98100E5E221 /* Resources */,
			);
			buildRules = (
			);
			dependencies = (
				4113064E234DF98100E5E221 /* PBXTargetDependency */,
			);
			name = ListOverLayViewTests;
			productName = ListOverLayViewTests;
			productReference = 4113064C234DF98100E5E221 /* ListOverLayViewTests.xctest */;
			productType = "com.apple.product-type.bundle.unit-test";
		};
		41130656234DF98100E5E221 /* ListOverLayViewUITests */ = {
			isa = PBXNativeTarget;
			buildConfigurationList = 41130664234DF98100E5E221 /* Build configuration list for PBXNativeTarget "ListOverLayViewUITests" */;
			buildPhases = (
				41130653234DF98100E5E221 /* Sources */,
				41130654234DF98100E5E221 /* Frameworks */,
				41130655234DF98100E5E221 /* Resources */,
			);
			buildRules = (
			);
			dependencies = (
				41130659234DF98100E5E221 /* PBXTargetDependency */,
			);
			name = ListOverLayViewUITests;
			productName = ListOverLayViewUITests;
			productReference = 41130657234DF98100E5E221 /* ListOverLayViewUITests.xctest */;
			productType = "com.apple.product-type.bundle.ui-testing";
		};
/* End PBXNativeTarget section */

/* Begin PBXProject section */
		4113060D234DF11600E5E221 /* Project object */ = {
			isa = PBXProject;
			attributes = {
				LastSwiftUpdateCheck = 1100;
				LastUpgradeCheck = 1100;
				ORGANIZATIONNAME = Shraddha;
				TargetAttributes = {
					41130615234DF11600E5E221 = {
						CreatedOnToolsVersion = 11.0;
					};
					4113061E234DF11600E5E221 = {
						CreatedOnToolsVersion = 11.0;
					};
					41130633234DF96B00E5E221 = {
						CreatedOnToolsVersion = 11.0;
					};
					4113064B234DF98100E5E221 = {
						CreatedOnToolsVersion = 11.0;
						TestTargetID = 41130633234DF96B00E5E221;
					};
					41130656234DF98100E5E221 = {
						CreatedOnToolsVersion = 11.0;
						TestTargetID = 41130633234DF96B00E5E221;
					};
				};
			};
			buildConfigurationList = 41130610234DF11600E5E221 /* Build configuration list for PBXProject "ListOverLay" */;
			compatibilityVersion = "Xcode 9.3";
			developmentRegion = en;
			hasScannedForEncodings = 0;
			knownRegions = (
				en,
				Base,
			);
			mainGroup = 4113060C234DF11500E5E221;
			productRefGroup = 41130617234DF11600E5E221 /* Products */;
			projectDirPath = "";
			projectRoot = "";
			targets = (
				41130615234DF11600E5E221 /* ListOverLay */,
				4113061E234DF11600E5E221 /* ListOverLayTests */,
				41130633234DF96B00E5E221 /* ListOverLayView */,
				4113064B234DF98100E5E221 /* ListOverLayViewTests */,
				41130656234DF98100E5E221 /* ListOverLayViewUITests */,
			);
		};
/* End PBXProject section */

/* Begin PBXResourcesBuildPhase section */
		41130614234DF11600E5E221 /* Resources */ = {
			isa = PBXResourcesBuildPhase;
			buildActionMask = 2147483647;
			files = (
				4113066D234DFA7900E5E221 /* TrialMap.storyboard in Resources */,
				41130671234DFA7900E5E221 /* ListOverlayView.xib in Resources */,
			);
			runOnlyForDeploymentPostprocessing = 0;
		};
		4113061D234DF11600E5E221 /* Resources */ = {
			isa = PBXResourcesBuildPhase;
			buildActionMask = 2147483647;
			files = (
			);
			runOnlyForDeploymentPostprocessing = 0;
		};
		41130632234DF96B00E5E221 /* Resources */ = {
			isa = PBXResourcesBuildPhase;
			buildActionMask = 2147483647;
			files = (
				41130646234DF98000E5E221 /* LaunchScreen.storyboard in Resources */,
				41130643234DF98000E5E221 /* Assets.xcassets in Resources */,
				4113063E234DF96C00E5E221 /* Main.storyboard in Resources */,
			);
			runOnlyForDeploymentPostprocessing = 0;
		};
		4113064A234DF98100E5E221 /* Resources */ = {
			isa = PBXResourcesBuildPhase;
			buildActionMask = 2147483647;
			files = (
			);
			runOnlyForDeploymentPostprocessing = 0;
		};
		41130655234DF98100E5E221 /* Resources */ = {
			isa = PBXResourcesBuildPhase;
			buildActionMask = 2147483647;
			files = (
			);
			runOnlyForDeploymentPostprocessing = 0;
		};
/* End PBXResourcesBuildPhase section */

/* Begin PBXSourcesBuildPhase section */
		41130612234DF11600E5E221 /* Sources */ = {
			isa = PBXSourcesBuildPhase;
			buildActionMask = 2147483647;
			files = (
				4113066E234DFA7900E5E221 /* TrialMapViewController.swift in Sources */,
				4113066F234DFA7900E5E221 /* ListOverlayView.swift in Sources */,
			);
			runOnlyForDeploymentPostprocessing = 0;
		};
		4113061B234DF11600E5E221 /* Sources */ = {
			isa = PBXSourcesBuildPhase;
			buildActionMask = 2147483647;
			files = (
				41130625234DF11600E5E221 /* ListOverLayTests.swift in Sources */,
			);
			runOnlyForDeploymentPostprocessing = 0;
		};
		41130630234DF96B00E5E221 /* Sources */ = {
			isa = PBXSourcesBuildPhase;
			buildActionMask = 2147483647;
			files = (
				4113063B234DF96C00E5E221 /* ViewController.swift in Sources */,
				41130641234DF96C00E5E221 /* ListOverLayView.xcdatamodeld in Sources */,
				41130637234DF96C00E5E221 /* AppDelegate.swift in Sources */,
				41130639234DF96C00E5E221 /* SceneDelegate.swift in Sources */,
			);
			runOnlyForDeploymentPostprocessing = 0;
		};
		41130648234DF98100E5E221 /* Sources */ = {
			isa = PBXSourcesBuildPhase;
			buildActionMask = 2147483647;
			files = (
				41130651234DF98100E5E221 /* ListOverLayViewTests.swift in Sources */,
			);
			runOnlyForDeploymentPostprocessing = 0;
		};
		41130653234DF98100E5E221 /* Sources */ = {
			isa = PBXSourcesBuildPhase;
			buildActionMask = 2147483647;
			files = (
				4113065C234DF98100E5E221 /* ListOverLayViewUITests.swift in Sources */,
			);
			runOnlyForDeploymentPostprocessing = 0;
		};
/* End PBXSourcesBuildPhase section */

/* Begin PBXTargetDependency section */
		41130622234DF11600E5E221 /* PBXTargetDependency */ = {
			isa = PBXTargetDependency;
			target = 41130615234DF11600E5E221 /* ListOverLay */;
			targetProxy = 41130621234DF11600E5E221 /* PBXContainerItemProxy */;
		};
		4113064E234DF98100E5E221 /* PBXTargetDependency */ = {
			isa = PBXTargetDependency;
			target = 41130633234DF96B00E5E221 /* ListOverLayView */;
			targetProxy = 4113064D234DF98100E5E221 /* PBXContainerItemProxy */;
		};
		41130659234DF98100E5E221 /* PBXTargetDependency */ = {
			isa = PBXTargetDependency;
			target = 41130633234DF96B00E5E221 /* ListOverLayView */;
			targetProxy = 41130658234DF98100E5E221 /* PBXContainerItemProxy */;
		};
/* End PBXTargetDependency section */

/* Begin PBXVariantGroup section */
		4113063C234DF96C00E5E221 /* Main.storyboard */ = {
			isa = PBXVariantGroup;
			children = (
				4113063D234DF96C00E5E221 /* Base */,
			);
			name = Main.storyboard;
			sourceTree = "<group>";
		};
		41130644234DF98000E5E221 /* LaunchScreen.storyboard */ = {
			isa = PBXVariantGroup;
			children = (
				41130645234DF98000E5E221 /* Base */,
			);
			name = LaunchScreen.storyboard;
			sourceTree = "<group>";
		};
/* End PBXVariantGroup section */

/* Begin XCBuildConfiguration section */
		41130628234DF11600E5E221 /* Debug */ = {
			isa = XCBuildConfiguration;
			buildSettings = {
				ALWAYS_SEARCH_USER_PATHS = NO;
				CLANG_ANALYZER_NONNULL = YES;
				CLANG_ANALYZER_NUMBER_OBJECT_CONVERSION = YES_AGGRESSIVE;
				CLANG_CXX_LANGUAGE_STANDARD = "gnu++14";
				CLANG_CXX_LIBRARY = "libc++";
				CLANG_ENABLE_MODULES = YES;
				CLANG_ENABLE_OBJC_ARC = YES;
				CLANG_ENABLE_OBJC_WEAK = YES;
				CLANG_WARN_BLOCK_CAPTURE_AUTORELEASING = YES;
				CLANG_WARN_BOOL_CONVERSION = YES;
				CLANG_WARN_COMMA = YES;
				CLANG_WARN_CONSTANT_CONVERSION = YES;
				CLANG_WARN_DEPRECATED_OBJC_IMPLEMENTATIONS = YES;
				CLANG_WARN_DIRECT_OBJC_ISA_USAGE = YES_ERROR;
				CLANG_WARN_DOCUMENTATION_COMMENTS = YES;
				CLANG_WARN_EMPTY_BODY = YES;
				CLANG_WARN_ENUM_CONVERSION = YES;
				CLANG_WARN_INFINITE_RECURSION = YES;
				CLANG_WARN_INT_CONVERSION = YES;
				CLANG_WARN_NON_LITERAL_NULL_CONVERSION = YES;
				CLANG_WARN_OBJC_IMPLICIT_RETAIN_SELF = YES;
				CLANG_WARN_OBJC_LITERAL_CONVERSION = YES;
				CLANG_WARN_OBJC_ROOT_CLASS = YES_ERROR;
				CLANG_WARN_RANGE_LOOP_ANALYSIS = YES;
				CLANG_WARN_STRICT_PROTOTYPES = YES;
				CLANG_WARN_SUSPICIOUS_MOVE = YES;
				CLANG_WARN_UNGUARDED_AVAILABILITY = YES_AGGRESSIVE;
				CLANG_WARN_UNREACHABLE_CODE = YES;
				CLANG_WARN__DUPLICATE_METHOD_MATCH = YES;
				COPY_PHASE_STRIP = NO;
				CURRENT_PROJECT_VERSION = 1;
				DEBUG_INFORMATION_FORMAT = dwarf;
				ENABLE_STRICT_OBJC_MSGSEND = YES;
				ENABLE_TESTABILITY = YES;
				GCC_C_LANGUAGE_STANDARD = gnu11;
				GCC_DYNAMIC_NO_PIC = NO;
				GCC_NO_COMMON_BLOCKS = YES;
				GCC_OPTIMIZATION_LEVEL = 0;
				GCC_PREPROCESSOR_DEFINITIONS = (
					"DEBUG=1",
					"$(inherited)",
				);
				GCC_WARN_64_TO_32_BIT_CONVERSION = YES;
				GCC_WARN_ABOUT_RETURN_TYPE = YES_ERROR;
				GCC_WARN_UNDECLARED_SELECTOR = YES;
				GCC_WARN_UNINITIALIZED_AUTOS = YES_AGGRESSIVE;
				GCC_WARN_UNUSED_FUNCTION = YES;
				GCC_WARN_UNUSED_VARIABLE = YES;
				IPHONEOS_DEPLOYMENT_TARGET = 13.0;
				MTL_ENABLE_DEBUG_INFO = INCLUDE_SOURCE;
				MTL_FAST_MATH = YES;
				ONLY_ACTIVE_ARCH = YES;
				SDKROOT = iphoneos;
				SWIFT_ACTIVE_COMPILATION_CONDITIONS = DEBUG;
				SWIFT_OPTIMIZATION_LEVEL = "-Onone";
				VERSIONING_SYSTEM = "apple-generic";
				VERSION_INFO_PREFIX = "";
			};
			name = Debug;
		};
		41130629234DF11600E5E221 /* Release */ = {
			isa = XCBuildConfiguration;
			buildSettings = {
				ALWAYS_SEARCH_USER_PATHS = NO;
				CLANG_ANALYZER_NONNULL = YES;
				CLANG_ANALYZER_NUMBER_OBJECT_CONVERSION = YES_AGGRESSIVE;
				CLANG_CXX_LANGUAGE_STANDARD = "gnu++14";
				CLANG_CXX_LIBRARY = "libc++";
				CLANG_ENABLE_MODULES = YES;
				CLANG_ENABLE_OBJC_ARC = YES;
				CLANG_ENABLE_OBJC_WEAK = YES;
				CLANG_WARN_BLOCK_CAPTURE_AUTORELEASING = YES;
				CLANG_WARN_BOOL_CONVERSION = YES;
				CLANG_WARN_COMMA = YES;
				CLANG_WARN_CONSTANT_CONVERSION = YES;
				CLANG_WARN_DEPRECATED_OBJC_IMPLEMENTATIONS = YES;
				CLANG_WARN_DIRECT_OBJC_ISA_USAGE = YES_ERROR;
				CLANG_WARN_DOCUMENTATION_COMMENTS = YES;
				CLANG_WARN_EMPTY_BODY = YES;
				CLANG_WARN_ENUM_CONVERSION = YES;
				CLANG_WARN_INFINITE_RECURSION = YES;
				CLANG_WARN_INT_CONVERSION = YES;
				CLANG_WARN_NON_LITERAL_NULL_CONVERSION = YES;
				CLANG_WARN_OBJC_IMPLICIT_RETAIN_SELF = YES;
				CLANG_WARN_OBJC_LITERAL_CONVERSION = YES;
				CLANG_WARN_OBJC_ROOT_CLASS = YES_ERROR;
				CLANG_WARN_RANGE_LOOP_ANALYSIS = YES;
				CLANG_WARN_STRICT_PROTOTYPES = YES;
				CLANG_WARN_SUSPICIOUS_MOVE = YES;
				CLANG_WARN_UNGUARDED_AVAILABILITY = YES_AGGRESSIVE;
				CLANG_WARN_UNREACHABLE_CODE = YES;
				CLANG_WARN__DUPLICATE_METHOD_MATCH = YES;
				COPY_PHASE_STRIP = NO;
				CURRENT_PROJECT_VERSION = 1;
				DEBUG_INFORMATION_FORMAT = "dwarf-with-dsym";
				ENABLE_NS_ASSERTIONS = NO;
				ENABLE_STRICT_OBJC_MSGSEND = YES;
				GCC_C_LANGUAGE_STANDARD = gnu11;
				GCC_NO_COMMON_BLOCKS = YES;
				GCC_WARN_64_TO_32_BIT_CONVERSION = YES;
				GCC_WARN_ABOUT_RETURN_TYPE = YES_ERROR;
				GCC_WARN_UNDECLARED_SELECTOR = YES;
				GCC_WARN_UNINITIALIZED_AUTOS = YES_AGGRESSIVE;
				GCC_WARN_UNUSED_FUNCTION = YES;
				GCC_WARN_UNUSED_VARIABLE = YES;
				IPHONEOS_DEPLOYMENT_TARGET = 13.0;
				MTL_ENABLE_DEBUG_INFO = NO;
				MTL_FAST_MATH = YES;
				SDKROOT = iphoneos;
				SWIFT_COMPILATION_MODE = wholemodule;
				SWIFT_OPTIMIZATION_LEVEL = "-O";
				VALIDATE_PRODUCT = YES;
				VERSIONING_SYSTEM = "apple-generic";
				VERSION_INFO_PREFIX = "";
			};
			name = Release;
		};
		4113062B234DF11600E5E221 /* Debug */ = {
			isa = XCBuildConfiguration;
			buildSettings = {
				CODE_SIGN_STYLE = Automatic;
				DEFINES_MODULE = YES;
				DYLIB_COMPATIBILITY_VERSION = 1;
				DYLIB_CURRENT_VERSION = 1;
				DYLIB_INSTALL_NAME_BASE = "@rpath";
				INFOPLIST_FILE = ListOverLay/Info.plist;
				INSTALL_PATH = "$(LOCAL_LIBRARY_DIR)/Frameworks";
				LD_RUNPATH_SEARCH_PATHS = (
					"$(inherited)",
					"@executable_path/Frameworks",
					"@loader_path/Frameworks",
				);
				PRODUCT_BUNDLE_IDENTIFIER = com.example.ListOverLay;
				PRODUCT_NAME = "$(TARGET_NAME:c99extidentifier)";
				SKIP_INSTALL = YES;
				SWIFT_VERSION = 5.0;
				TARGETED_DEVICE_FAMILY = "1,2";
			};
			name = Debug;
		};
		4113062C234DF11600E5E221 /* Release */ = {
			isa = XCBuildConfiguration;
			buildSettings = {
				CODE_SIGN_STYLE = Automatic;
				DEFINES_MODULE = YES;
				DYLIB_COMPATIBILITY_VERSION = 1;
				DYLIB_CURRENT_VERSION = 1;
				DYLIB_INSTALL_NAME_BASE = "@rpath";
				INFOPLIST_FILE = ListOverLay/Info.plist;
				INSTALL_PATH = "$(LOCAL_LIBRARY_DIR)/Frameworks";
				LD_RUNPATH_SEARCH_PATHS = (
					"$(inherited)",
					"@executable_path/Frameworks",
					"@loader_path/Frameworks",
				);
				PRODUCT_BUNDLE_IDENTIFIER = com.example.ListOverLay;
				PRODUCT_NAME = "$(TARGET_NAME:c99extidentifier)";
				SKIP_INSTALL = YES;
				SWIFT_VERSION = 5.0;
				TARGETED_DEVICE_FAMILY = "1,2";
			};
			name = Release;
		};
		4113062E234DF11600E5E221 /* Debug */ = {
			isa = XCBuildConfiguration;
			buildSettings = {
				ALWAYS_EMBED_SWIFT_STANDARD_LIBRARIES = YES;
				CODE_SIGN_STYLE = Automatic;
				INFOPLIST_FILE = ListOverLayTests/Info.plist;
				LD_RUNPATH_SEARCH_PATHS = (
					"$(inherited)",
					"@executable_path/Frameworks",
					"@loader_path/Frameworks",
				);
				PRODUCT_BUNDLE_IDENTIFIER = com.example.ListOverLayTests;
				PRODUCT_NAME = "$(TARGET_NAME)";
				SWIFT_VERSION = 5.0;
				TARGETED_DEVICE_FAMILY = "1,2";
			};
			name = Debug;
		};
		4113062F234DF11600E5E221 /* Release */ = {
			isa = XCBuildConfiguration;
			buildSettings = {
				ALWAYS_EMBED_SWIFT_STANDARD_LIBRARIES = YES;
				CODE_SIGN_STYLE = Automatic;
				INFOPLIST_FILE = ListOverLayTests/Info.plist;
				LD_RUNPATH_SEARCH_PATHS = (
					"$(inherited)",
					"@executable_path/Frameworks",
					"@loader_path/Frameworks",
				);
				PRODUCT_BUNDLE_IDENTIFIER = com.example.ListOverLayTests;
				PRODUCT_NAME = "$(TARGET_NAME)";
				SWIFT_VERSION = 5.0;
				TARGETED_DEVICE_FAMILY = "1,2";
			};
			name = Release;
		};
		4113065F234DF98100E5E221 /* Debug */ = {
			isa = XCBuildConfiguration;
			buildSettings = {
				ASSETCATALOG_COMPILER_APPICON_NAME = AppIcon;
				CODE_SIGN_STYLE = Automatic;
				INFOPLIST_FILE = ListOverLayView/Info.plist;
				LD_RUNPATH_SEARCH_PATHS = (
					"$(inherited)",
					"@executable_path/Frameworks",
				);
				PRODUCT_BUNDLE_IDENTIFIER = com.example.ListOverLayView;
				PRODUCT_NAME = "$(TARGET_NAME)";
				SWIFT_VERSION = 5.0;
				TARGETED_DEVICE_FAMILY = "1,2";
			};
			name = Debug;
		};
		41130660234DF98100E5E221 /* Release */ = {
			isa = XCBuildConfiguration;
			buildSettings = {
				ASSETCATALOG_COMPILER_APPICON_NAME = AppIcon;
				CODE_SIGN_STYLE = Automatic;
				INFOPLIST_FILE = ListOverLayView/Info.plist;
				LD_RUNPATH_SEARCH_PATHS = (
					"$(inherited)",
					"@executable_path/Frameworks",
				);
				PRODUCT_BUNDLE_IDENTIFIER = com.example.ListOverLayView;
				PRODUCT_NAME = "$(TARGET_NAME)";
				SWIFT_VERSION = 5.0;
				TARGETED_DEVICE_FAMILY = "1,2";
			};
			name = Release;
		};
		41130662234DF98100E5E221 /* Debug */ = {
			isa = XCBuildConfiguration;
			buildSettings = {
				ALWAYS_EMBED_SWIFT_STANDARD_LIBRARIES = YES;
				BUNDLE_LOADER = "$(TEST_HOST)";
				CODE_SIGN_STYLE = Automatic;
				INFOPLIST_FILE = ListOverLayViewTests/Info.plist;
				IPHONEOS_DEPLOYMENT_TARGET = 13.0;
				LD_RUNPATH_SEARCH_PATHS = (
					"$(inherited)",
					"@executable_path/Frameworks",
					"@loader_path/Frameworks",
				);
				PRODUCT_BUNDLE_IDENTIFIER = com.example.ListOverLayViewTests;
				PRODUCT_NAME = "$(TARGET_NAME)";
				SWIFT_VERSION = 5.0;
				TARGETED_DEVICE_FAMILY = "1,2";
				TEST_HOST = "$(BUILT_PRODUCTS_DIR)/ListOverLayView.app/ListOverLayView";
			};
			name = Debug;
		};
		41130663234DF98100E5E221 /* Release */ = {
			isa = XCBuildConfiguration;
			buildSettings = {
				ALWAYS_EMBED_SWIFT_STANDARD_LIBRARIES = YES;
				BUNDLE_LOADER = "$(TEST_HOST)";
				CODE_SIGN_STYLE = Automatic;
				INFOPLIST_FILE = ListOverLayViewTests/Info.plist;
				IPHONEOS_DEPLOYMENT_TARGET = 13.0;
				LD_RUNPATH_SEARCH_PATHS = (
					"$(inherited)",
					"@executable_path/Frameworks",
					"@loader_path/Frameworks",
				);
				PRODUCT_BUNDLE_IDENTIFIER = com.example.ListOverLayViewTests;
				PRODUCT_NAME = "$(TARGET_NAME)";
				SWIFT_VERSION = 5.0;
				TARGETED_DEVICE_FAMILY = "1,2";
				TEST_HOST = "$(BUILT_PRODUCTS_DIR)/ListOverLayView.app/ListOverLayView";
			};
			name = Release;
		};
		41130665234DF98100E5E221 /* Debug */ = {
			isa = XCBuildConfiguration;
			buildSettings = {
				ALWAYS_EMBED_SWIFT_STANDARD_LIBRARIES = YES;
				CODE_SIGN_STYLE = Automatic;
				INFOPLIST_FILE = ListOverLayViewUITests/Info.plist;
				LD_RUNPATH_SEARCH_PATHS = (
					"$(inherited)",
					"@executable_path/Frameworks",
					"@loader_path/Frameworks",
				);
				PRODUCT_BUNDLE_IDENTIFIER = com.example.ListOverLayViewUITests;
				PRODUCT_NAME = "$(TARGET_NAME)";
				SWIFT_VERSION = 5.0;
				TARGETED_DEVICE_FAMILY = "1,2";
				TEST_TARGET_NAME = ListOverLayView;
			};
			name = Debug;
		};
		41130666234DF98100E5E221 /* Release */ = {
			isa = XCBuildConfiguration;
			buildSettings = {
				ALWAYS_EMBED_SWIFT_STANDARD_LIBRARIES = YES;
				CODE_SIGN_STYLE = Automatic;
				INFOPLIST_FILE = ListOverLayViewUITests/Info.plist;
				LD_RUNPATH_SEARCH_PATHS = (
					"$(inherited)",
					"@executable_path/Frameworks",
					"@loader_path/Frameworks",
				);
				PRODUCT_BUNDLE_IDENTIFIER = com.example.ListOverLayViewUITests;
				PRODUCT_NAME = "$(TARGET_NAME)";
				SWIFT_VERSION = 5.0;
				TARGETED_DEVICE_FAMILY = "1,2";
				TEST_TARGET_NAME = ListOverLayView;
			};
			name = Release;
		};
/* End XCBuildConfiguration section */

/* Begin XCConfigurationList section */
		41130610234DF11600E5E221 /* Build configuration list for PBXProject "ListOverLay" */ = {
			isa = XCConfigurationList;
			buildConfigurations = (
				41130628234DF11600E5E221 /* Debug */,
				41130629234DF11600E5E221 /* Release */,
			);
			defaultConfigurationIsVisible = 0;
			defaultConfigurationName = Release;
		};
		4113062A234DF11600E5E221 /* Build configuration list for PBXNativeTarget "ListOverLay" */ = {
			isa = XCConfigurationList;
			buildConfigurations = (
				4113062B234DF11600E5E221 /* Debug */,
				4113062C234DF11600E5E221 /* Release */,
			);
			defaultConfigurationIsVisible = 0;
			defaultConfigurationName = Release;
		};
		4113062D234DF11600E5E221 /* Build configuration list for PBXNativeTarget "ListOverLayTests" */ = {
			isa = XCConfigurationList;
			buildConfigurations = (
				4113062E234DF11600E5E221 /* Debug */,
				4113062F234DF11600E5E221 /* Release */,
			);
			defaultConfigurationIsVisible = 0;
			defaultConfigurationName = Release;
		};
		4113065E234DF98100E5E221 /* Build configuration list for PBXNativeTarget "ListOverLayView" */ = {
			isa = XCConfigurationList;
			buildConfigurations = (
				4113065F234DF98100E5E221 /* Debug */,
				41130660234DF98100E5E221 /* Release */,
			);
			defaultConfigurationIsVisible = 0;
			defaultConfigurationName = Release;
		};
		41130661234DF98100E5E221 /* Build configuration list for PBXNativeTarget "ListOverLayViewTests" */ = {
			isa = XCConfigurationList;
			buildConfigurations = (
				41130662234DF98100E5E221 /* Debug */,
				41130663234DF98100E5E221 /* Release */,
			);
			defaultConfigurationIsVisible = 0;
			defaultConfigurationName = Release;
		};
		41130664234DF98100E5E221 /* Build configuration list for PBXNativeTarget "ListOverLayViewUITests" */ = {
			isa = XCConfigurationList;
			buildConfigurations = (
				41130665234DF98100E5E221 /* Debug */,
				41130666234DF98100E5E221 /* Release */,
			);
			defaultConfigurationIsVisible = 0;
			defaultConfigurationName = Release;
		};
/* End XCConfigurationList section */

/* Begin XCVersionGroup section */
		4113063F234DF96C00E5E221 /* ListOverLayView.xcdatamodeld */ = {
			isa = XCVersionGroup;
			children = (
				41130640234DF96C00E5E221 /* ListOverLayView.xcdatamodel */,
			);
			currentVersion = 41130640234DF96C00E5E221 /* ListOverLayView.xcdatamodel */;
			path = ListOverLayView.xcdatamodeld;
			sourceTree = "<group>";
			versionGroupType = wrapper.xcdatamodel;
		};
/* End XCVersionGroup section */
	};
	rootObject = 4113060D234DF11600E5E221 /* Project object */;
}
